// !$*UTF8*$!
{
	archiveVersion = 1;
	classes = {
	};
	objectVersion = 55;
	objects = {

/* Begin PBXBuildFile section */
		A20FF69D2768E9A000667AC2 /* Book+CoreDataClass.swift in Sources */ = {isa = PBXBuildFile; fileRef = A20FF6992768E9A000667AC2 /* Book+CoreDataClass.swift */; };
		A20FF69E2768E9A000667AC2 /* Book+CoreDataProperties.swift in Sources */ = {isa = PBXBuildFile; fileRef = A20FF69A2768E9A000667AC2 /* Book+CoreDataProperties.swift */; };
		A20FF69F2768E9A000667AC2 /* User+CoreDataClass.swift in Sources */ = {isa = PBXBuildFile; fileRef = A20FF69B2768E9A000667AC2 /* User+CoreDataClass.swift */; };
		A20FF6A02768E9A000667AC2 /* User+CoreDataProperties.swift in Sources */ = {isa = PBXBuildFile; fileRef = A20FF69C2768E9A000667AC2 /* User+CoreDataProperties.swift */; };
		A20FF6A22768E9FB00667AC2 /* TableViewController.swift in Sources */ = {isa = PBXBuildFile; fileRef = A20FF6A12768E9FB00667AC2 /* TableViewController.swift */; };
		A20FF6A42768EAE200667AC2 /* .gitignore in Resources */ = {isa = PBXBuildFile; fileRef = A20FF6A32768EAE200667AC2 /* .gitignore */; };
		A20FF6A62768F2A400667AC2 /* DataStoreManager.swift in Sources */ = {isa = PBXBuildFile; fileRef = A20FF6A52768F2A400667AC2 /* DataStoreManager.swift */; };
		A2B7391C27672E01000FDD83 /* AppDelegate.swift in Sources */ = {isa = PBXBuildFile; fileRef = A2B7391B27672E01000FDD83 /* AppDelegate.swift */; };
		A2B7391E27672E01000FDD83 /* SceneDelegate.swift in Sources */ = {isa = PBXBuildFile; fileRef = A2B7391D27672E01000FDD83 /* SceneDelegate.swift */; };
		A2B7392027672E01000FDD83 /* ViewController.swift in Sources */ = {isa = PBXBuildFile; fileRef = A2B7391F27672E01000FDD83 /* ViewController.swift */; };
		A2B7392327672E01000FDD83 /* Main.storyboard in Resources */ = {isa = PBXBuildFile; fileRef = A2B7392127672E01000FDD83 /* Main.storyboard */; };
		A2B7392627672E01000FDD83 /* CoreDataExample2.xcdatamodeld in Sources */ = {isa = PBXBuildFile; fileRef = A2B7392427672E01000FDD83 /* CoreDataExample2.xcdatamodeld */; };
		A2B7392827672E02000FDD83 /* Assets.xcassets in Resources */ = {isa = PBXBuildFile; fileRef = A2B7392727672E02000FDD83 /* Assets.xcassets */; };
		A2B7392B27672E02000FDD83 /* LaunchScreen.storyboard in Resources */ = {isa = PBXBuildFile; fileRef = A2B7392927672E02000FDD83 /* LaunchScreen.storyboard */; };
/* End PBXBuildFile section */

/* Begin PBXFileReference section */
		A20FF6992768E9A000667AC2 /* Book+CoreDataClass.swift */ = {isa = PBXFileReference; lastKnownFileType = sourcecode.swift; name = "Book+CoreDataClass.swift"; path = "CoreDataExample2/Models/Book+CoreDataClass.swift"; sourceTree = "<group>"; };
		A20FF69A2768E9A000667AC2 /* Book+CoreDataProperties.swift */ = {isa = PBXFileReference; lastKnownFileType = sourcecode.swift; name = "Book+CoreDataProperties.swift"; path = "CoreDataExample2/Models/Book+CoreDataProperties.swift"; sourceTree = "<group>"; };
		A20FF69B2768E9A000667AC2 /* User+CoreDataClass.swift */ = {isa = PBXFileReference; lastKnownFileType = sourcecode.swift; name = "User+CoreDataClass.swift"; path = "CoreDataExample2/Models/User+CoreDataClass.swift"; sourceTree = "<group>"; };
		A20FF69C2768E9A000667AC2 /* User+CoreDataProperties.swift */ = {isa = PBXFileReference; lastKnownFileType = sourcecode.swift; name = "User+CoreDataProperties.swift"; path = "CoreDataExample2/Models/User+CoreDataProperties.swift"; sourceTree = "<group>"; };
		A20FF6A12768E9FB00667AC2 /* TableViewController.swift */ = {isa = PBXFileReference; lastKnownFileType = sourcecode.swift; path = TableViewController.swift; sourceTree = "<group>"; };
		A20FF6A32768EAE200667AC2 /* .gitignore */ = {isa = PBXFileReference; lastKnownFileType = text; path = .gitignore; sourceTree = "<group>"; };
		A20FF6A52768F2A400667AC2 /* DataStoreManager.swift */ = {isa = PBXFileReference; lastKnownFileType = sourcecode.swift; path = DataStoreManager.swift; sourceTree = "<group>"; };
		A2B7391827672E01000FDD83 /* CoreDataExample2.app */ = {isa = PBXFileReference; explicitFileType = wrapper.application; includeInIndex = 0; path = CoreDataExample2.app; sourceTree = BUILT_PRODUCTS_DIR; };
		A2B7391B27672E01000FDD83 /* AppDelegate.swift */ = {isa = PBXFileReference; lastKnownFileType = sourcecode.swift; path = AppDelegate.swift; sourceTree = "<group>"; };
		A2B7391D27672E01000FDD83 /* SceneDelegate.swift */ = {isa = PBXFileReference; lastKnownFileType = sourcecode.swift; path = SceneDelegate.swift; sourceTree = "<group>"; };
		A2B7391F27672E01000FDD83 /* ViewController.swift */ = {isa = PBXFileReference; lastKnownFileType = sourcecode.swift; path = ViewController.swift; sourceTree = "<group>"; };
		A2B7392227672E01000FDD83 /* Base */ = {isa = PBXFileReference; lastKnownFileType = file.storyboard; name = Base; path = Base.lproj/Main.storyboard; sourceTree = "<group>"; };
		A2B7392527672E01000FDD83 /* CoreDataExample2.xcdatamodel */ = {isa = PBXFileReference; lastKnownFileType = wrapper.xcdatamodel; path = CoreDataExample2.xcdatamodel; sourceTree = "<group>"; };
		A2B7392727672E02000FDD83 /* Assets.xcassets */ = {isa = PBXFileReference; lastKnownFileType = folder.assetcatalog; path = Assets.xcassets; sourceTree = "<group>"; };
		A2B7392A27672E02000FDD83 /* Base */ = {isa = PBXFileReference; lastKnownFileType = file.storyboard; name = Base; path = Base.lproj/LaunchScreen.storyboard; sourceTree = "<group>"; };
		A2B7392C27672E02000FDD83 /* Info.plist */ = {isa = PBXFileReference; lastKnownFileType = text.plist.xml; path = Info.plist; sourceTree = "<group>"; };
/* End PBXFileReference section */

/* Begin PBXFrameworksBuildPhase section */
		A2B7391527672E01000FDD83 /* Frameworks */ = {
			isa = PBXFrameworksBuildPhase;
			buildActionMask = 2147483647;
			files = (
			);
			runOnlyForDeploymentPostprocessing = 0;
		};
/* End PBXFrameworksBuildPhase section */

/* Begin PBXGroup section */
		A2B7390F27672E01000FDD83 = {
			isa = PBXGroup;
			children = (
				A20FF6A32768EAE200667AC2 /* .gitignore */,
				A20FF6992768E9A000667AC2 /* Book+CoreDataClass.swift */,
				A20FF69A2768E9A000667AC2 /* Book+CoreDataProperties.swift */,
				A20FF69B2768E9A000667AC2 /* User+CoreDataClass.swift */,
				A20FF69C2768E9A000667AC2 /* User+CoreDataProperties.swift */,
				A2B7391A27672E01000FDD83 /* CoreDataExample2 */,
				A2B7391927672E01000FDD83 /* Products */,
			);
			sourceTree = "<group>";
		};
		A2B7391927672E01000FDD83 /* Products */ = {
			isa = PBXGroup;
			children = (
				A2B7391827672E01000FDD83 /* CoreDataExample2.app */,
			);
			name = Products;
			sourceTree = "<group>";
		};
		A2B7391A27672E01000FDD83 /* CoreDataExample2 */ = {
			isa = PBXGroup;
			children = (
				A2B7391B27672E01000FDD83 /* AppDelegate.swift */,
				A2B7391D27672E01000FDD83 /* SceneDelegate.swift */,
				A20FF6A52768F2A400667AC2 /* DataStoreManager.swift */,
				A2B7391F27672E01000FDD83 /* ViewController.swift */,
				A20FF6A12768E9FB00667AC2 /* TableViewController.swift */,
				A2B7392127672E01000FDD83 /* Main.storyboard */,
				A2B7392727672E02000FDD83 /* Assets.xcassets */,
				A2B7392927672E02000FDD83 /* LaunchScreen.storyboard */,
				A2B7392C27672E02000FDD83 /* Info.plist */,
				A2B7392427672E01000FDD83 /* CoreDataExample2.xcdatamodeld */,
			);
			path = CoreDataExample2;
			sourceTree = "<group>";
		};
/* End PBXGroup section */

/* Begin PBXNativeTarget section */
		A2B7391727672E01000FDD83 /* CoreDataExample2 */ = {
			isa = PBXNativeTarget;
			buildConfigurationList = A2B7392F27672E02000FDD83 /* Build configuration list for PBXNativeTarget "CoreDataExample2" */;
			buildPhases = (
				A2B7391427672E01000FDD83 /* Sources */,
				A2B7391527672E01000FDD83 /* Frameworks */,
				A2B7391627672E01000FDD83 /* Resources */,
			);
			buildRules = (
			);
			dependencies = (
			);
			name = CoreDataExample2;
			productName = CoreDataExample2;
			productReference = A2B7391827672E01000FDD83 /* CoreDataExample2.app */;
			productType = "com.apple.product-type.application";
		};
/* End PBXNativeTarget section */

/* Begin PBXProject section */
		A2B7391027672E01000FDD83 /* Project object */ = {
			isa = PBXProject;
			attributes = {
				BuildIndependentTargetsInParallel = 1;
				LastSwiftUpdateCheck = 1310;
				LastUpgradeCheck = 1310;
				TargetAttributes = {
					A2B7391727672E01000FDD83 = {
						CreatedOnToolsVersion = 13.1;
					};
				};
			};
			buildConfigurationList = A2B7391327672E01000FDD83 /* Build configuration list for PBXProject "CoreDataExample2" */;
			compatibilityVersion = "Xcode 13.0";
			developmentRegion = en;
			hasScannedForEncodings = 0;
			knownRegions = (
				en,
				Base,
			);
			mainGroup = A2B7390F27672E01000FDD83;
			productRefGroup = A2B7391927672E01000FDD83 /* Products */;
			projectDirPath = "";
			projectRoot = "";
			targets = (
				A2B7391727672E01000FDD83 /* CoreDataExample2 */,
			);
		};
/* End PBXProject section */

/* Begin PBXResourcesBuildPhase section */
		A2B7391627672E01000FDD83 /* Resources */ = {
			isa = PBXResourcesBuildPhase;
			buildActionMask = 2147483647;
			files = (
				A20FF6A42768EAE200667AC2 /* .gitignore in Resources */,
				A2B7392B27672E02000FDD83 /* LaunchScreen.storyboard in Resources */,
				A2B7392827672E02000FDD83 /* Assets.xcassets in Resources */,
				A2B7392327672E01000FDD83 /* Main.storyboard in Resources */,
			);
			runOnlyForDeploymentPostprocessing = 0;
		};
/* End PBXResourcesBuildPhase section */

/* Begin PBXSourcesBuildPhase section */
		A2B7391427672E01000FDD83 /* Sources */ = {
			isa = PBXSourcesBuildPhase;
			buildActionMask = 2147483647;
			files = (
				A20FF69D2768E9A000667AC2 /* Book+CoreDataClass.swift in Sources */,
				A2B7392027672E01000FDD83 /* ViewController.swift in Sources */,
				A20FF6A02768E9A000667AC2 /* User+CoreDataProperties.swift in Sources */,
				A20FF69E2768E9A000667AC2 /* Book+CoreDataProperties.swift in Sources */,
				A2B7391C27672E01000FDD83 /* AppDelegate.swift in Sources */,
				A20FF6A62768F2A400667AC2 /* DataStoreManager.swift in Sources */,
				A2B7392627672E01000FDD83 /* CoreDataExample2.xcdatamodeld in Sources */,
				A2B7391E27672E01000FDD83 /* SceneDelegate.swift in Sources */,
				A20FF6A22768E9FB00667AC2 /* TableViewController.swift in Sources */,
				A20FF69F2768E9A000667AC2 /* User+CoreDataClass.swift in Sources */,
			);
			runOnlyForDeploymentPostprocessing = 0;
		};
/* End PBXSourcesBuildPhase section */

/* Begin PBXVariantGroup section */
		A2B7392127672E01000FDD83 /* Main.storyboard */ = {
			isa = PBXVariantGroup;
			children = (
				A2B7392227672E01000FDD83 /* Base */,
			);
			name = Main.storyboard;
			sourceTree = "<group>";
		};
		A2B7392927672E02000FDD83 /* LaunchScreen.storyboard */ = {
			isa = PBXVariantGroup;
			children = (
				A2B7392A27672E02000FDD83 /* Base */,
			);
			name = LaunchScreen.storyboard;
			sourceTree = "<group>";
		};
/* End PBXVariantGroup section */

/* Begin XCBuildConfiguration section */
		A2B7392D27672E02000FDD83 /* Debug */ = {
			isa = XCBuildConfiguration;
			buildSettings = {
				ALWAYS_SEARCH_USER_PATHS = NO;
				CLANG_ANALYZER_NONNULL = YES;
				CLANG_ANALYZER_NUMBER_OBJECT_CONVERSION = YES_AGGRESSIVE;
				CLANG_CXX_LANGUAGE_STANDARD = "gnu++17";
				CLANG_CXX_LIBRARY = "libc++";
				CLANG_ENABLE_MODULES = YES;
				CLANG_ENABLE_OBJC_ARC = YES;
				CLANG_ENABLE_OBJC_WEAK = YES;
				CLANG_WARN_BLOCK_CAPTURE_AUTORELEASING = YES;
				CLANG_WARN_BOOL_CONVERSION = YES;
				CLANG_WARN_COMMA = YES;
				CLANG_WARN_CONSTANT_CONVERSION = YES;
				CLANG_WARN_DEPRECATED_OBJC_IMPLEMENTATIONS = YES;
				CLANG_WARN_DIRECT_OBJC_ISA_USAGE = YES_ERROR;
				CLANG_WARN_DOCUMENTATION_COMMENTS = YES;
				CLANG_WARN_EMPTY_BODY = YES;
				CLANG_WARN_ENUM_CONVERSION = YES;
				CLANG_WARN_INFINITE_RECURSION = YES;
				CLANG_WARN_INT_CONVERSION = YES;
				CLANG_WARN_NON_LITERAL_NULL_CONVERSION = YES;
				CLANG_WARN_OBJC_IMPLICIT_RETAIN_SELF = YES;
				CLANG_WARN_OBJC_LITERAL_CONVERSION = YES;
				CLANG_WARN_OBJC_ROOT_CLASS = YES_ERROR;
				CLANG_WARN_QUOTED_INCLUDE_IN_FRAMEWORK_HEADER = YES;
				CLANG_WARN_RANGE_LOOP_ANALYSIS = YES;
				CLANG_WARN_STRICT_PROTOTYPES = YES;
				CLANG_WARN_SUSPICIOUS_MOVE = YES;
				CLANG_WARN_UNGUARDED_AVAILABILITY = YES_AGGRESSIVE;
				CLANG_WARN_UNREACHABLE_CODE = YES;
				CLANG_WARN__DUPLICATE_METHOD_MATCH = YES;
				COPY_PHASE_STRIP = NO;
				DEBUG_INFORMATION_FORMAT = dwarf;
				ENABLE_STRICT_OBJC_MSGSEND = YES;
				ENABLE_TESTABILITY = YES;
				GCC_C_LANGUAGE_STANDARD = gnu11;
				GCC_DYNAMIC_NO_PIC = NO;
				GCC_NO_COMMON_BLOCKS = YES;
				GCC_OPTIMIZATION_LEVEL = 0;
				GCC_PREPROCESSOR_DEFINITIONS = (
					"DEBUG=1",
					"$(inherited)",
				);
				GCC_WARN_64_TO_32_BIT_CONVERSION = YES;
				GCC_WARN_ABOUT_RETURN_TYPE = YES_ERROR;
				GCC_WARN_UNDECLARED_SELECTOR = YES;
				GCC_WARN_UNINITIALIZED_AUTOS = YES_AGGRESSIVE;
				GCC_WARN_UNUSED_FUNCTION = YES;
				GCC_WARN_UNUSED_VARIABLE = YES;
				IPHONEOS_DEPLOYMENT_TARGET = 15.0;
				MTL_ENABLE_DEBUG_INFO = INCLUDE_SOURCE;
				MTL_FAST_MATH = YES;
				ONLY_ACTIVE_ARCH = YES;
				SDKROOT = iphoneos;
				SWIFT_ACTIVE_COMPILATION_CONDITIONS = DEBUG;
				SWIFT_OPTIMIZATION_LEVEL = "-Onone";
			};
			name = Debug;
		};
		A2B7392E27672E02000FDD83 /* Release */ = {
			isa = XCBuildConfiguration;
			buildSettings = {
				ALWAYS_SEARCH_USER_PATHS = NO;
				CLANG_ANALYZER_NONNULL = YES;
				CLANG_ANALYZER_NUMBER_OBJECT_CONVERSION = YES_AGGRESSIVE;
				CLANG_CXX_LANGUAGE_STANDARD = "gnu++17";
				CLANG_CXX_LIBRARY = "libc++";
				CLANG_ENABLE_MODULES = YES;
				CLANG_ENABLE_OBJC_ARC = YES;
				CLANG_ENABLE_OBJC_WEAK = YES;
				CLANG_WARN_BLOCK_CAPTURE_AUTORELEASING = YES;
				CLANG_WARN_BOOL_CONVERSION = YES;
				CLANG_WARN_COMMA = YES;
				CLANG_WARN_CONSTANT_CONVERSION = YES;
				CLANG_WARN_DEPRECATED_OBJC_IMPLEMENTATIONS = YES;
				CLANG_WARN_DIRECT_OBJC_ISA_USAGE = YES_ERROR;
				CLANG_WARN_DOCUMENTATION_COMMENTS = YES;
				CLANG_WARN_EMPTY_BODY = YES;
				CLANG_WARN_ENUM_CONVERSION = YES;
				CLANG_WARN_INFINITE_RECURSION = YES;
				CLANG_WARN_INT_CONVERSION = YES;
				CLANG_WARN_NON_LITERAL_NULL_CONVERSION = YES;
				CLANG_WARN_OBJC_IMPLICIT_RETAIN_SELF = YES;
				CLANG_WARN_OBJC_LITERAL_CONVERSION = YES;
				CLANG_WARN_OBJC_ROOT_CLASS = YES_ERROR;
				CLANG_WARN_QUOTED_INCLUDE_IN_FRAMEWORK_HEADER = YES;
				CLANG_WARN_RANGE_LOOP_ANALYSIS = YES;
				CLANG_WARN_STRICT_PROTOTYPES = YES;
				CLANG_WARN_SUSPICIOUS_MOVE = YES;
				CLANG_WARN_UNGUARDED_AVAILABILITY = YES_AGGRESSIVE;
				CLANG_WARN_UNREACHABLE_CODE = YES;
				CLANG_WARN__DUPLICATE_METHOD_MATCH = YES;
				COPY_PHASE_STRIP = NO;
				DEBUG_INFORMATION_FORMAT = "dwarf-with-dsym";
				ENABLE_NS_ASSERTIONS = NO;
				ENABLE_STRICT_OBJC_MSGSEND = YES;
				GCC_C_LANGUAGE_STANDARD = gnu11;
				GCC_NO_COMMON_BLOCKS = YES;
				GCC_WARN_64_TO_32_BIT_CONVERSION = YES;
				GCC_WARN_ABOUT_RETURN_TYPE = YES_ERROR;
				GCC_WARN_UNDECLARED_SELECTOR = YES;
				GCC_WARN_UNINITIALIZED_AUTOS = YES_AGGRESSIVE;
				GCC_WARN_UNUSED_FUNCTION = YES;
				GCC_WARN_UNUSED_VARIABLE = YES;
				IPHONEOS_DEPLOYMENT_TARGET = 15.0;
				MTL_ENABLE_DEBUG_INFO = NO;
				MTL_FAST_MATH = YES;
				SDKROOT = iphoneos;
				SWIFT_COMPILATION_MODE = wholemodule;
				SWIFT_OPTIMIZATION_LEVEL = "-O";
				VALIDATE_PRODUCT = YES;
			};
			name = Release;
		};
		A2B7393027672E02000FDD83 /* Debug */ = {
			isa = XCBuildConfiguration;
			buildSettings = {
				ASSETCATALOG_COMPILER_APPICON_NAME = AppIcon;
				ASSETCATALOG_COMPILER_GLOBAL_ACCENT_COLOR_NAME = AccentColor;
				CODE_SIGN_STYLE = Automatic;
				CURRENT_PROJECT_VERSION = 1;
				DEVELOPMENT_TEAM = U3JHK4U826;
				GENERATE_INFOPLIST_FILE = YES;
				INFOPLIST_FILE = CoreDataExample2/Info.plist;
				INFOPLIST_KEY_UIApplicationSupportsIndirectInputEvents = YES;
				INFOPLIST_KEY_UILaunchStoryboardName = LaunchScreen;
				INFOPLIST_KEY_UIMainStoryboardFile = Main;
				INFOPLIST_KEY_UISupportedInterfaceOrientations_iPad = "UIInterfaceOrientationPortrait UIInterfaceOrientationPortraitUpsideDown UIInterfaceOrientationLandscapeLeft UIInterfaceOrientationLandscapeRight";
				INFOPLIST_KEY_UISupportedInterfaceOrientations_iPhone = "UIInterfaceOrientationPortrait UIInterfaceOrientationLandscapeLeft UIInterfaceOrientationLandscapeRight";
				LD_RUNPATH_SEARCH_PATHS = (
					"$(inherited)",
					"@executable_path/Frameworks",
				);
				MARKETING_VERSION = 1.0;
				PRODUCT_BUNDLE_IDENTIFIER = YeoCompany.CoreDataExample2;
				PRODUCT_NAME = "$(TARGET_NAME)";
				SWIFT_EMIT_LOC_STRINGS = YES;
				SWIFT_VERSION = 5.0;
				TARGETED_DEVICE_FAMILY = "1,2";
			};
			name = Debug;
		};
		A2B7393127672E02000FDD83 /* Release */ = {
			isa = XCBuildConfiguration;
			buildSettings = {
				ASSETCATALOG_COMPILER_APPICON_NAME = AppIcon;
				ASSETCATALOG_COMPILER_GLOBAL_ACCENT_COLOR_NAME = AccentColor;
				CODE_SIGN_STYLE = Automatic;
				CURRENT_PROJECT_VERSION = 1;
				DEVELOPMENT_TEAM = U3JHK4U826;
				GENERATE_INFOPLIST_FILE = YES;
				INFOPLIST_FILE = CoreDataExample2/Info.plist;
				INFOPLIST_KEY_UIApplicationSupportsIndirectInputEvents = YES;
				INFOPLIST_KEY_UILaunchStoryboardName = LaunchScreen;
				INFOPLIST_KEY_UIMainStoryboardFile = Main;
				INFOPLIST_KEY_UISupportedInterfaceOrientations_iPad = "UIInterfaceOrientationPortrait UIInterfaceOrientationPortraitUpsideDown UIInterfaceOrientationLandscapeLeft UIInterfaceOrientationLandscapeRight";
				INFOPLIST_KEY_UISupportedInterfaceOrientations_iPhone = "UIInterfaceOrientationPortrait UIInterfaceOrientationLandscapeLeft UIInterfaceOrientationLandscapeRight";
				LD_RUNPATH_SEARCH_PATHS = (
					"$(inherited)",
					"@executable_path/Frameworks",
				);
				MARKETING_VERSION = 1.0;
				PRODUCT_BUNDLE_IDENTIFIER = YeoCompany.CoreDataExample2;
				PRODUCT_NAME = "$(TARGET_NAME)";
				SWIFT_EMIT_LOC_STRINGS = YES;
				SWIFT_VERSION = 5.0;
				TARGETED_DEVICE_FAMILY = "1,2";
			};
			name = Release;
		};
/* End XCBuildConfiguration section */

/* Begin XCConfigurationList section */
		A2B7391327672E01000FDD83 /* Build configuration list for PBXProject "CoreDataExample2" */ = {
			isa = XCConfigurationList;
			buildConfigurations = (
				A2B7392D27672E02000FDD83 /* Debug */,
				A2B7392E27672E02000FDD83 /* Release */,
			);
			defaultConfigurationIsVisible = 0;
			defaultConfigurationName = Release;
		};
		A2B7392F27672E02000FDD83 /* Build configuration list for PBXNativeTarget "CoreDataExample2" */ = {
			isa = XCConfigurationList;
			buildConfigurations = (
				A2B7393027672E02000FDD83 /* Debug */,
				A2B7393127672E02000FDD83 /* Release */,
			);
			defaultConfigurationIsVisible = 0;
			defaultConfigurationName = Release;
		};
/* End XCConfigurationList section */

/* Begin XCVersionGroup section */
		A2B7392427672E01000FDD83 /* CoreDataExample2.xcdatamodeld */ = {
			isa = XCVersionGroup;
			children = (
				A2B7392527672E01000FDD83 /* CoreDataExample2.xcdatamodel */,
			);
			currentVersion = A2B7392527672E01000FDD83 /* CoreDataExample2.xcdatamodel */;
			path = CoreDataExample2.xcdatamodeld;
			sourceTree = "<group>";
			versionGroupType = wrapper.xcdatamodel;
		};
/* End XCVersionGroup section */
	};
	rootObject = A2B7391027672E01000FDD83 /* Project object */;
}
